// !$*UTF8*$!
{
	archiveVersion = 1;
	classes = {
	};
	objectVersion = 46;
	objects = {

/* Begin PBXBuildFile section */
		DD2289471D7EC21C0019A897 /* main.m in Sources */ = {isa = PBXBuildFile; fileRef = DD2289461D7EC21C0019A897 /* main.m */; };
		DD22894A1D7EC21C0019A897 /* AppDelegate.m in Sources */ = {isa = PBXBuildFile; fileRef = DD2289491D7EC21C0019A897 /* AppDelegate.m */; };
		DD22894D1D7EC21C0019A897 /* ViewController.m in Sources */ = {isa = PBXBuildFile; fileRef = DD22894C1D7EC21C0019A897 /* ViewController.m */; };
		DD2289501D7EC21C0019A897 /* Main.storyboard in Resources */ = {isa = PBXBuildFile; fileRef = DD22894E1D7EC21C0019A897 /* Main.storyboard */; };
		DD2289521D7EC21C0019A897 /* Assets.xcassets in Resources */ = {isa = PBXBuildFile; fileRef = DD2289511D7EC21C0019A897 /* Assets.xcassets */; };
		DD2289551D7EC21C0019A897 /* LaunchScreen.storyboard in Resources */ = {isa = PBXBuildFile; fileRef = DD2289531D7EC21C0019A897 /* LaunchScreen.storyboard */; };
		DD2289601D7EC21C0019A897 /* qqTestTests.m in Sources */ = {isa = PBXBuildFile; fileRef = DD22895F1D7EC21C0019A897 /* qqTestTests.m */; };
		DD22896B1D7EC21C0019A897 /* qqTestUITests.m in Sources */ = {isa = PBXBuildFile; fileRef = DD22896A1D7EC21C0019A897 /* qqTestUITests.m */; };
		DD22897A1D7ECB8A0019A897 /* FGUser.m in Sources */ = {isa = PBXBuildFile; fileRef = DD2289791D7ECB8A0019A897 /* FGUser.m */; };
/* End PBXBuildFile section */

/* Begin PBXContainerItemProxy section */
		DD22895C1D7EC21C0019A897 /* PBXContainerItemProxy */ = {
			isa = PBXContainerItemProxy;
			containerPortal = DD22893A1D7EC21B0019A897 /* Project object */;
			proxyType = 1;
			remoteGlobalIDString = DD2289411D7EC21B0019A897;
			remoteInfo = qqTest;
		};
		DD2289671D7EC21C0019A897 /* PBXContainerItemProxy */ = {
			isa = PBXContainerItemProxy;
			containerPortal = DD22893A1D7EC21B0019A897 /* Project object */;
			proxyType = 1;
			remoteGlobalIDString = DD2289411D7EC21B0019A897;
			remoteInfo = qqTest;
		};
/* End PBXContainerItemProxy section */

/* Begin PBXFileReference section */
		DD2289421D7EC21B0019A897 /* qqTest.app */ = {isa = PBXFileReference; explicitFileType = wrapper.application; includeInIndex = 0; path = qqTest.app; sourceTree = BUILT_PRODUCTS_DIR; };
		DD2289461D7EC21C0019A897 /* main.m */ = {isa = PBXFileReference; lastKnownFileType = sourcecode.c.objc; path = main.m; sourceTree = "<group>"; };
		DD2289481D7EC21C0019A897 /* AppDelegate.h */ = {isa = PBXFileReference; lastKnownFileType = sourcecode.c.h; path = AppDelegate.h; sourceTree = "<group>"; };
		DD2289491D7EC21C0019A897 /* AppDelegate.m */ = {isa = PBXFileReference; lastKnownFileType = sourcecode.c.objc; path = AppDelegate.m; sourceTree = "<group>"; };
		DD22894B1D7EC21C0019A897 /* ViewController.h */ = {isa = PBXFileReference; lastKnownFileType = sourcecode.c.h; path = ViewController.h; sourceTree = "<group>"; };
		DD22894C1D7EC21C0019A897 /* ViewController.m */ = {isa = PBXFileReference; lastKnownFileType = sourcecode.c.objc; path = ViewController.m; sourceTree = "<group>"; };
		DD22894F1D7EC21C0019A897 /* Base */ = {isa = PBXFileReference; lastKnownFileType = file.storyboard; name = Base; path = Base.lproj/Main.storyboard; sourceTree = "<group>"; };
		DD2289511D7EC21C0019A897 /* Assets.xcassets */ = {isa = PBXFileReference; lastKnownFileType = folder.assetcatalog; path = Assets.xcassets; sourceTree = "<group>"; };
		DD2289541D7EC21C0019A897 /* Base */ = {isa = PBXFileReference; lastKnownFileType = file.storyboard; name = Base; path = Base.lproj/LaunchScreen.storyboard; sourceTree = "<group>"; };
		DD2289561D7EC21C0019A897 /* Info.plist */ = {isa = PBXFileReference; lastKnownFileType = text.plist.xml; path = Info.plist; sourceTree = "<group>"; };
		DD22895B1D7EC21C0019A897 /* qqTestTests.xctest */ = {isa = PBXFileReference; explicitFileType = wrapper.cfbundle; includeInIndex = 0; path = qqTestTests.xctest; sourceTree = BUILT_PRODUCTS_DIR; };
		DD22895F1D7EC21C0019A897 /* qqTestTests.m */ = {isa = PBXFileReference; lastKnownFileType = sourcecode.c.objc; path = qqTestTests.m; sourceTree = "<group>"; };
		DD2289611D7EC21C0019A897 /* Info.plist */ = {isa = PBXFileReference; lastKnownFileType = text.plist.xml; path = Info.plist; sourceTree = "<group>"; };
		DD2289661D7EC21C0019A897 /* qqTestUITests.xctest */ = {isa = PBXFileReference; explicitFileType = wrapper.cfbundle; includeInIndex = 0; path = qqTestUITests.xctest; sourceTree = BUILT_PRODUCTS_DIR; };
		DD22896A1D7EC21C0019A897 /* qqTestUITests.m */ = {isa = PBXFileReference; lastKnownFileType = sourcecode.c.objc; path = qqTestUITests.m; sourceTree = "<group>"; };
		DD22896C1D7EC21C0019A897 /* Info.plist */ = {isa = PBXFileReference; lastKnownFileType = text.plist.xml; path = Info.plist; sourceTree = "<group>"; };
		DD2289781D7ECB8A0019A897 /* FGUser.h */ = {isa = PBXFileReference; fileEncoding = 4; lastKnownFileType = sourcecode.c.h; path = FGUser.h; sourceTree = "<group>"; };
		DD2289791D7ECB8A0019A897 /* FGUser.m */ = {isa = PBXFileReference; fileEncoding = 4; lastKnownFileType = sourcecode.c.objc; path = FGUser.m; sourceTree = "<group>"; };
/* End PBXFileReference section */

/* Begin PBXFrameworksBuildPhase section */
		DD22893F1D7EC21B0019A897 /* Frameworks */ = {
			isa = PBXFrameworksBuildPhase;
			buildActionMask = 2147483647;
			files = (
			);
			runOnlyForDeploymentPostprocessing = 0;
		};
		DD2289581D7EC21C0019A897 /* Frameworks */ = {
			isa = PBXFrameworksBuildPhase;
			buildActionMask = 2147483647;
			files = (
			);
			runOnlyForDeploymentPostprocessing = 0;
		};
		DD2289631D7EC21C0019A897 /* Frameworks */ = {
			isa = PBXFrameworksBuildPhase;
			buildActionMask = 2147483647;
			files = (
			);
			runOnlyForDeploymentPostprocessing = 0;
		};
/* End PBXFrameworksBuildPhase section */

/* Begin PBXGroup section */
		DD2289391D7EC21B0019A897 = {
			isa = PBXGroup;
			children = (
				DD2289441D7EC21C0019A897 /* qqTest */,
				DD22895E1D7EC21C0019A897 /* qqTestTests */,
				DD2289691D7EC21C0019A897 /* qqTestUITests */,
				DD2289431D7EC21B0019A897 /* Products */,
			);
			sourceTree = "<group>";
		};
		DD2289431D7EC21B0019A897 /* Products */ = {
			isa = PBXGroup;
			children = (
				DD2289421D7EC21B0019A897 /* qqTest.app */,
				DD22895B1D7EC21C0019A897 /* qqTestTests.xctest */,
				DD2289661D7EC21C0019A897 /* qqTestUITests.xctest */,
			);
			name = Products;
			sourceTree = "<group>";
		};
		DD2289441D7EC21C0019A897 /* qqTest */ = {
			isa = PBXGroup;
			children = (
				DD2289481D7EC21C0019A897 /* AppDelegate.h */,
				DD2289491D7EC21C0019A897 /* AppDelegate.m */,
				DD22894B1D7EC21C0019A897 /* ViewController.h */,
				DD22894C1D7EC21C0019A897 /* ViewController.m */,
				DD2289781D7ECB8A0019A897 /* FGUser.h */,
				DD2289791D7ECB8A0019A897 /* FGUser.m */,
				DD22894E1D7EC21C0019A897 /* Main.storyboard */,
				DD2289511D7EC21C0019A897 /* Assets.xcassets */,
				DD2289531D7EC21C0019A897 /* LaunchScreen.storyboard */,
				DD2289561D7EC21C0019A897 /* Info.plist */,
				DD2289451D7EC21C0019A897 /* Supporting Files */,
			);
			path = qqTest;
			sourceTree = "<group>";
		};
		DD2289451D7EC21C0019A897 /* Supporting Files */ = {
			isa = PBXGroup;
			children = (
				DD2289461D7EC21C0019A897 /* main.m */,
			);
			name = "Supporting Files";
			sourceTree = "<group>";
		};
		DD22895E1D7EC21C0019A897 /* qqTestTests */ = {
			isa = PBXGroup;
			children = (
				DD22895F1D7EC21C0019A897 /* qqTestTests.m */,
				DD2289611D7EC21C0019A897 /* Info.plist */,
			);
			path = qqTestTests;
			sourceTree = "<group>";
		};
		DD2289691D7EC21C0019A897 /* qqTestUITests */ = {
			isa = PBXGroup;
			children = (
				DD22896A1D7EC21C0019A897 /* qqTestUITests.m */,
				DD22896C1D7EC21C0019A897 /* Info.plist */,
			);
			path = qqTestUITests;
			sourceTree = "<group>";
		};
/* End PBXGroup section */

/* Begin PBXNativeTarget section */
		DD2289411D7EC21B0019A897 /* qqTest */ = {
			isa = PBXNativeTarget;
			buildConfigurationList = DD22896F1D7EC21C0019A897 /* Build configuration list for PBXNativeTarget "qqTest" */;
			buildPhases = (
				DD22893E1D7EC21B0019A897 /* Sources */,
				DD22893F1D7EC21B0019A897 /* Frameworks */,
				DD2289401D7EC21B0019A897 /* Resources */,
			);
			buildRules = (
			);
			dependencies = (
			);
			name = qqTest;
			productName = qqTest;
			productReference = DD2289421D7EC21B0019A897 /* qqTest.app */;
			productType = "com.apple.product-type.application";
		};
		DD22895A1D7EC21C0019A897 /* qqTestTests */ = {
			isa = PBXNativeTarget;
			buildConfigurationList = DD2289721D7EC21C0019A897 /* Build configuration list for PBXNativeTarget "qqTestTests" */;
			buildPhases = (
				DD2289571D7EC21C0019A897 /* Sources */,
				DD2289581D7EC21C0019A897 /* Frameworks */,
				DD2289591D7EC21C0019A897 /* Resources */,
			);
			buildRules = (
			);
			dependencies = (
				DD22895D1D7EC21C0019A897 /* PBXTargetDependency */,
			);
			name = qqTestTests;
			productName = qqTestTests;
			productReference = DD22895B1D7EC21C0019A897 /* qqTestTests.xctest */;
			productType = "com.apple.product-type.bundle.unit-test";
		};
		DD2289651D7EC21C0019A897 /* qqTestUITests */ = {
			isa = PBXNativeTarget;
			buildConfigurationList = DD2289751D7EC21C0019A897 /* Build configuration list for PBXNativeTarget "qqTestUITests" */;
			buildPhases = (
				DD2289621D7EC21C0019A897 /* Sources */,
				DD2289631D7EC21C0019A897 /* Frameworks */,
				DD2289641D7EC21C0019A897 /* Resources */,
			);
			buildRules = (
			);
			dependencies = (
				DD2289681D7EC21C0019A897 /* PBXTargetDependency */,
			);
			name = qqTestUITests;
			productName = qqTestUITests;
			productReference = DD2289661D7EC21C0019A897 /* qqTestUITests.xctest */;
			productType = "com.apple.product-type.bundle.ui-testing";
		};
/* End PBXNativeTarget section */

/* Begin PBXProject section */
		DD22893A1D7EC21B0019A897 /* Project object */ = {
			isa = PBXProject;
			attributes = {
				LastUpgradeCheck = 0730;
				ORGANIZATIONNAME = "优印";
				TargetAttributes = {
					DD2289411D7EC21B0019A897 = {
						CreatedOnToolsVersion = 7.3.1;
					};
					DD22895A1D7EC21C0019A897 = {
						CreatedOnToolsVersion = 7.3.1;
						TestTargetID = DD2289411D7EC21B0019A897;
					};
					DD2289651D7EC21C0019A897 = {
						CreatedOnToolsVersion = 7.3.1;
						TestTargetID = DD2289411D7EC21B0019A897;
					};
				};
			};
			buildConfigurationList = DD22893D1D7EC21B0019A897 /* Build configuration list for PBXProject "qqTest" */;
			compatibilityVersion = "Xcode 3.2";
			developmentRegion = English;
			hasScannedForEncodings = 0;
			knownRegions = (
				en,
				Base,
			);
			mainGroup = DD2289391D7EC21B0019A897;
			productRefGroup = DD2289431D7EC21B0019A897 /* Products */;
			projectDirPath = "";
			projectRoot = "";
			targets = (
				DD2289411D7EC21B0019A897 /* qqTest */,
				DD22895A1D7EC21C0019A897 /* qqTestTests */,
				DD2289651D7EC21C0019A897 /* qqTestUITests */,
			);
		};
/* End PBXProject section */

/* Begin PBXResourcesBuildPhase section */
		DD2289401D7EC21B0019A897 /* Resources */ = {
			isa = PBXResourcesBuildPhase;
			buildActionMask = 2147483647;
			files = (
				DD2289551D7EC21C0019A897 /* LaunchScreen.storyboard in Resources */,
				DD2289521D7EC21C0019A897 /* Assets.xcassets in Resources */,
				DD2289501D7EC21C0019A897 /* Main.storyboard in Resources */,
			);
			runOnlyForDeploymentPostprocessing = 0;
		};
		DD2289591D7EC21C0019A897 /* Resources */ = {
			isa = PBXResourcesBuildPhase;
			buildActionMask = 2147483647;
			files = (
			);
			runOnlyForDeploymentPostprocessing = 0;
		};
		DD2289641D7EC21C0019A897 /* Resources */ = {
			isa = PBXResourcesBuildPhase;
			buildActionMask = 2147483647;
			files = (
			);
			runOnlyForDeploymentPostprocessing = 0;
		};
/* End PBXResourcesBuildPhase section */

/* Begin PBXSourcesBuildPhase section */
		DD22893E1D7EC21B0019A897 /* Sources */ = {
			isa = PBXSourcesBuildPhase;
			buildActionMask = 2147483647;
			files = (
				DD22894D1D7EC21C0019A897 /* ViewController.m in Sources */,
				DD22894A1D7EC21C0019A897 /* AppDelegate.m in Sources */,
				DD2289471D7EC21C0019A897 /* main.m in Sources */,
				DD22897A1D7ECB8A0019A897 /* FGUser.m in Sources */,
			);
			runOnlyForDeploymentPostprocessing = 0;
		};
		DD2289571D7EC21C0019A897 /* Sources */ = {
			isa = PBXSourcesBuildPhase;
			buildActionMask = 2147483647;
			files = (
				DD2289601D7EC21C0019A897 /* qqTestTests.m in Sources */,
			);
			runOnlyForDeploymentPostprocessing = 0;
		};
		DD2289621D7EC21C0019A897 /* Sources */ = {
			isa = PBXSourcesBuildPhase;
			buildActionMask = 2147483647;
			files = (
				DD22896B1D7EC21C0019A897 /* qqTestUITests.m in Sources */,
			);
			runOnlyForDeploymentPostprocessing = 0;
		};
/* End PBXSourcesBuildPhase section */

/* Begin PBXTargetDependency section */
		DD22895D1D7EC21C0019A897 /* PBXTargetDependency */ = {
			isa = PBXTargetDependency;
			target = DD2289411D7EC21B0019A897 /* qqTest */;
			targetProxy = DD22895C1D7EC21C0019A897 /* PBXContainerItemProxy */;
		};
		DD2289681D7EC21C0019A897 /* PBXTargetDependency */ = {
			isa = PBXTargetDependency;
			target = DD2289411D7EC21B0019A897 /* qqTest */;
			targetProxy = DD2289671D7EC21C0019A897 /* PBXContainerItemProxy */;
		};
/* End PBXTargetDependency section */

/* Begin PBXVariantGroup section */
		DD22894E1D7EC21C0019A897 /* Main.storyboard */ = {
			isa = PBXVariantGroup;
			children = (
				DD22894F1D7EC21C0019A897 /* Base */,
			);
			name = Main.storyboard;
			sourceTree = "<group>";
		};
		DD2289531D7EC21C0019A897 /* LaunchScreen.storyboard */ = {
			isa = PBXVariantGroup;
			children = (
				DD2289541D7EC21C0019A897 /* Base */,
			);
			name = LaunchScreen.storyboard;
			sourceTree = "<group>";
		};
/* End PBXVariantGroup section */

/* Begin XCBuildConfiguration section */
		DD22896D1D7EC21C0019A897 /* Debug */ = {
			isa = XCBuildConfiguration;
			buildSettings = {
				ALWAYS_SEARCH_USER_PATHS = NO;
				CLANG_ANALYZER_NONNULL = YES;
				CLANG_CXX_LANGUAGE_STANDARD = "gnu++0x";
				CLANG_CXX_LIBRARY = "libc++";
				CLANG_ENABLE_MODULES = YES;
				CLANG_ENABLE_OBJC_ARC = YES;
				CLANG_WARN_BOOL_CONVERSION = YES;
				CLANG_WARN_CONSTANT_CONVERSION = YES;
				CLANG_WARN_DIRECT_OBJC_ISA_USAGE = YES_ERROR;
				CLANG_WARN_EMPTY_BODY = YES;
				CLANG_WARN_ENUM_CONVERSION = YES;
				CLANG_WARN_INT_CONVERSION = YES;
				CLANG_WARN_OBJC_ROOT_CLASS = YES_ERROR;
				CLANG_WARN_UNREACHABLE_CODE = YES;
				CLANG_WARN__DUPLICATE_METHOD_MATCH = YES;
				"CODE_SIGN_IDENTITY[sdk=iphoneos*]" = "iPhone Developer";
				COPY_PHASE_STRIP = NO;
				DEBUG_INFORMATION_FORMAT = dwarf;
				ENABLE_STRICT_OBJC_MSGSEND = YES;
				ENABLE_TESTABILITY = YES;
				GCC_C_LANGUAGE_STANDARD = gnu99;
				GCC_DYNAMIC_NO_PIC = NO;
				GCC_NO_COMMON_BLOCKS = YES;
				GCC_OPTIMIZATION_LEVEL = 0;
				GCC_PREPROCESSOR_DEFINITIONS = (
					"DEBUG=1",
					"$(inherited)",
				);
				GCC_WARN_64_TO_32_BIT_CONVERSION = YES;
				GCC_WARN_ABOUT_RETURN_TYPE = YES_ERROR;
				GCC_WARN_UNDECLARED_SELECTOR = YES;
				GCC_WARN_UNINITIALIZED_AUTOS = YES_AGGRESSIVE;
				GCC_WARN_UNUSED_FUNCTION = YES;
				GCC_WARN_UNUSED_VARIABLE = YES;
				IPHONEOS_DEPLOYMENT_TARGET = 9.3;
				MTL_ENABLE_DEBUG_INFO = YES;
				ONLY_ACTIVE_ARCH = YES;
				SDKROOT = iphoneos;
			};
			name = Debug;
		};
		DD22896E1D7EC21C0019A897 /* Release */ = {
			isa = XCBuildConfiguration;
			buildSettings = {
				ALWAYS_SEARCH_USER_PATHS = NO;
				CLANG_ANALYZER_NONNULL = YES;
				CLANG_CXX_LANGUAGE_STANDARD = "gnu++0x";
				CLANG_CXX_LIBRARY = "libc++";
				CLANG_ENABLE_MODULES = YES;
				CLANG_ENABLE_OBJC_ARC = YES;
				CLANG_WARN_BOOL_CONVERSION = YES;
				CLANG_WARN_CONSTANT_CONVERSION = YES;
				CLANG_WARN_DIRECT_OBJC_ISA_USAGE = YES_ERROR;
				CLANG_WARN_EMPTY_BODY = YES;
				CLANG_WARN_ENUM_CONVERSION = YES;
				CLANG_WARN_INT_CONVERSION = YES;
				CLANG_WARN_OBJC_ROOT_CLASS = YES_ERROR;
				CLANG_WARN_UNREACHABLE_CODE = YES;
				CLANG_WARN__DUPLICATE_METHOD_MATCH = YES;
				"CODE_SIGN_IDENTITY[sdk=iphoneos*]" = "iPhone Developer";
				COPY_PHASE_STRIP = NO;
				DEBUG_INFORMATION_FORMAT = "dwarf-with-dsym";
				ENABLE_NS_ASSERTIONS = NO;
				ENABLE_STRICT_OBJC_MSGSEND = YES;
				GCC_C_LANGUAGE_STANDARD = gnu99;
				GCC_NO_COMMON_BLOCKS = YES;
				GCC_WARN_64_TO_32_BIT_CONVERSION = YES;
				GCC_WARN_ABOUT_RETURN_TYPE = YES_ERROR;
				GCC_WARN_UNDECLARED_SELECTOR = YES;
				GCC_WARN_UNINITIALIZED_AUTOS = YES_AGGRESSIVE;
				GCC_WARN_UNUSED_FUNCTION = YES;
				GCC_WARN_UNUSED_VARIABLE = YES;
				IPHONEOS_DEPLOYMENT_TARGET = 9.3;
				MTL_ENABLE_DEBUG_INFO = NO;
				SDKROOT = iphoneos;
				VALIDATE_PRODUCT = YES;
			};
			name = Release;
		};
		DD2289701D7EC21C0019A897 /* Debug */ = {
			isa = XCBuildConfiguration;
			buildSettings = {
				ASSETCATALOG_COMPILER_APPICON_NAME = AppIcon;
				INFOPLIST_FILE = qqTest/Info.plist;
				LD_RUNPATH_SEARCH_PATHS = "$(inherited) @executable_path/Frameworks";
				PRODUCT_BUNDLE_IDENTIFIER = com.youYin.qqTest;
				PRODUCT_NAME = "$(TARGET_NAME)";
			};
			name = Debug;
		};
		DD2289711D7EC21C0019A897 /* Release */ = {
			isa = XCBuildConfiguration;
			buildSettings = {
				ASSETCATALOG_COMPILER_APPICON_NAME = AppIcon;
				INFOPLIST_FILE = qqTest/Info.plist;
				LD_RUNPATH_SEARCH_PATHS = "$(inherited) @executable_path/Frameworks";
				PRODUCT_BUNDLE_IDENTIFIER = com.youYin.qqTest;
				PRODUCT_NAME = "$(TARGET_NAME)";
			};
			name = Release;
		};
		DD2289731D7EC21C0019A897 /* Debug */ = {
			isa = XCBuildConfiguration;
			buildSettings = {
				BUNDLE_LOADER = "$(TEST_HOST)";
				INFOPLIST_FILE = qqTestTests/Info.plist;
				LD_RUNPATH_SEARCH_PATHS = "$(inherited) @executable_path/Frameworks @loader_path/Frameworks";
				PRODUCT_BUNDLE_IDENTIFIER = com.youYin.qqTestTests;
				PRODUCT_NAME = "$(TARGET_NAME)";
				TEST_HOST = "$(BUILT_PRODUCTS_DIR)/qqTest.app/qqTest";
			};
			name = Debug;
		};
		DD2289741D7EC21C0019A897 /* Release */ = {
			isa = XCBuildConfiguration;
			buildSettings = {
				BUNDLE_LOADER = "$(TEST_HOST)";
				INFOPLIST_FILE = qqTestTests/Info.plist;
				LD_RUNPATH_SEARCH_PATHS = "$(inherited) @executable_path/Frameworks @loader_path/Frameworks";
				PRODUCT_BUNDLE_IDENTIFIER = com.youYin.qqTestTests;
				PRODUCT_NAME = "$(TARGET_NAME)";
				TEST_HOST = "$(BUILT_PRODUCTS_DIR)/qqTest.app/qqTest";
			};
			name = Release;
		};
		DD2289761D7EC21C0019A897 /* Debug */ = {
			isa = XCBuildConfiguration;
			buildSettings = {
				INFOPLIST_FILE = qqTestUITests/Info.plist;
				LD_RUNPATH_SEARCH_PATHS = "$(inherited) @executable_path/Frameworks @loader_path/Frameworks";
				PRODUCT_BUNDLE_IDENTIFIER = com.youYin.qqTestUITests;
				PRODUCT_NAME = "$(TARGET_NAME)";
				TEST_TARGET_NAME = qqTest;
			};
			name = Debug;
		};
		DD2289771D7EC21C0019A897 /* Release */ = {
			isa = XCBuildConfiguration;
			buildSettings = {
				INFOPLIST_FILE = qqTestUITests/Info.plist;
				LD_RUNPATH_SEARCH_PATHS = "$(inherited) @executable_path/Frameworks @loader_path/Frameworks";
				PRODUCT_BUNDLE_IDENTIFIER = com.youYin.qqTestUITests;
				PRODUCT_NAME = "$(TARGET_NAME)";
				TEST_TARGET_NAME = qqTest;
			};
			name = Release;
		};
/* End XCBuildConfiguration section */

/* Begin XCConfigurationList section */
		DD22893D1D7EC21B0019A897 /* Build configuration list for PBXProject "qqTest" */ = {
			isa = XCConfigurationList;
			buildConfigurations = (
				DD22896D1D7EC21C0019A897 /* Debug */,
				DD22896E1D7EC21C0019A897 /* Release */,
			);
			defaultConfigurationIsVisible = 0;
			defaultConfigurationName = Release;
		};
		DD22896F1D7EC21C0019A897 /* Build configuration list for PBXNativeTarget "qqTest" */ = {
			isa = XCConfigurationList;
			buildConfigurations = (
				DD2289701D7EC21C0019A897 /* Debug */,
				DD2289711D7EC21C0019A897 /* Release */,
			);
			defaultConfigurationIsVisible = 0;
		};
		DD2289721D7EC21C0019A897 /* Build configuration list for PBXNativeTarget "qqTestTests" */ = {
			isa = XCConfigurationList;
			buildConfigurations = (
				DD2289731D7EC21C0019A897 /* Debug */,
				DD2289741D7EC21C0019A897 /* Release */,
			);
			defaultConfigurationIsVisible = 0;
		};
		DD2289751D7EC21C0019A897 /* Build configuration list for PBXNativeTarget "qqTestUITests" */ = {
			isa = XCConfigurationList;
			buildConfigurations = (
				DD2289761D7EC21C0019A897 /* Debug */,
				DD2289771D7EC21C0019A897 /* Release */,
			);
			defaultConfigurationIsVisible = 0;
		};
/* End XCConfigurationList section */
	};
	rootObject = DD22893A1D7EC21B0019A897 /* Project object */;
}
